
Microsoft Visual Studio Solution File, Format Version 12.00
# Visual Studio Version 16
VisualStudioVersion = 16.0.32106.194
MinimumVisualStudioVersion = 10.0.40219.1
Project("{FAE04EC0-301F-11D3-BF4B-00C04F79EFBC}") = "UDS Test Stage 2", "UDS Test Stage 2.csproj", "{935FFFA9-372E-48C4-9AAF-1E6604D27467}"
EndProject
Global
	GlobalSection(SolutionConfigurationPlatforms) = preSolution
		Debug|Any CPU = Debug|Any CPU
		Release|Any CPU = Release|Any CPU
	EndGlobalSection
	GlobalSection(ProjectConfigurationPlatforms) = postSolution
		{935FFFA9-372E-48C4-9AAF-1E6604D27467}.Debug|Any CPU.ActiveCfg = Debug|Any CPU
		{935FFFA9-372E-48C4-9AAF-1E6604D27467}.Debug|Any CPU.Build.0 = Debug|Any CPU
		{935FFFA9-372E-48C4-9AAF-1E6604D27467}.Release|Any CPU.ActiveCfg = Release|Any CPU
		{935FFFA9-372E-48C4-9AAF-1E6604D27467}.Release|Any CPU.Build.0 = Release|Any CPU
	EndGlobalSection
	GlobalSection(SolutionProperties) = preSolution
		HideSolutionNode = FALSE
	EndGlobalSection
	GlobalSection(ExtensibilityGlobals) = postSolution
		SolutionGuid = {EF42F686-BC37-4764-AC09-ADD1C2972984}
	EndGlobalSection
EndGlobal
